// !$*UTF8*$!
{
	archiveVersion = 1;
	classes = {
	};
	objectVersion = 51;
	objects = {

/* Begin PBXBuildFile section */
		62706A6A241308E6C75F08EF /* Pods_RealmData.framework in Frameworks */ = {isa = PBXBuildFile; fileRef = ECBDC34B87AF7F6135132FB5 /* Pods_RealmData.framework */; };
		E594DC342452DFB50064EA4A /* AppDelegate.swift in Sources */ = {isa = PBXBuildFile; fileRef = E594DC332452DFB50064EA4A /* AppDelegate.swift */; };
		E594DC362452DFB50064EA4A /* SceneDelegate.swift in Sources */ = {isa = PBXBuildFile; fileRef = E594DC352452DFB50064EA4A /* SceneDelegate.swift */; };
		E594DC382452DFB50064EA4A /* ViewController.swift in Sources */ = {isa = PBXBuildFile; fileRef = E594DC372452DFB50064EA4A /* ViewController.swift */; };
		E594DC3B2452DFB50064EA4A /* Main.storyboard in Resources */ = {isa = PBXBuildFile; fileRef = E594DC392452DFB50064EA4A /* Main.storyboard */; };
		E594DC3D2452DFB60064EA4A /* Assets.xcassets in Resources */ = {isa = PBXBuildFile; fileRef = E594DC3C2452DFB60064EA4A /* Assets.xcassets */; };
		E594DC402452DFB60064EA4A /* LaunchScreen.storyboard in Resources */ = {isa = PBXBuildFile; fileRef = E594DC3E2452DFB60064EA4A /* LaunchScreen.storyboard */; };
		E594DC482452E0680064EA4A /* Model.swift in Sources */ = {isa = PBXBuildFile; fileRef = E594DC472452E0680064EA4A /* Model.swift */; };
		E594DC4A2452E6F60064EA4A /* DBManager.swift in Sources */ = {isa = PBXBuildFile; fileRef = E594DC492452E6F60064EA4A /* DBManager.swift */; };
/* End PBXBuildFile section */

/* Begin PBXFileReference section */
		054AA0964A4459B287ADCD3B /* Pods-RealmData.debug.xcconfig */ = {isa = PBXFileReference; includeInIndex = 1; lastKnownFileType = text.xcconfig; name = "Pods-RealmData.debug.xcconfig"; path = "Target Support Files/Pods-RealmData/Pods-RealmData.debug.xcconfig"; sourceTree = "<group>"; };
		E1345B39522E4201FE4B5D4E /* Pods-RealmData.release.xcconfig */ = {isa = PBXFileReference; includeInIndex = 1; lastKnownFileType = text.xcconfig; name = "Pods-RealmData.release.xcconfig"; path = "Target Support Files/Pods-RealmData/Pods-RealmData.release.xcconfig"; sourceTree = "<group>"; };
		E594DC302452DFB50064EA4A /* RealmData.app */ = {isa = PBXFileReference; explicitFileType = wrapper.application; includeInIndex = 0; path = RealmData.app; sourceTree = BUILT_PRODUCTS_DIR; };
		E594DC332452DFB50064EA4A /* AppDelegate.swift */ = {isa = PBXFileReference; lastKnownFileType = sourcecode.swift; path = AppDelegate.swift; sourceTree = "<group>"; };
		E594DC352452DFB50064EA4A /* SceneDelegate.swift */ = {isa = PBXFileReference; lastKnownFileType = sourcecode.swift; path = SceneDelegate.swift; sourceTree = "<group>"; };
		E594DC372452DFB50064EA4A /* ViewController.swift */ = {isa = PBXFileReference; lastKnownFileType = sourcecode.swift; path = ViewController.swift; sourceTree = "<group>"; };
		E594DC3A2452DFB50064EA4A /* Base */ = {isa = PBXFileReference; lastKnownFileType = file.storyboard; name = Base; path = Base.lproj/Main.storyboard; sourceTree = "<group>"; };
		E594DC3C2452DFB60064EA4A /* Assets.xcassets */ = {isa = PBXFileReference; lastKnownFileType = folder.assetcatalog; path = Assets.xcassets; sourceTree = "<group>"; };
		E594DC3F2452DFB60064EA4A /* Base */ = {isa = PBXFileReference; lastKnownFileType = file.storyboard; name = Base; path = Base.lproj/LaunchScreen.storyboard; sourceTree = "<group>"; };
		E594DC412452DFB60064EA4A /* Info.plist */ = {isa = PBXFileReference; lastKnownFileType = text.plist.xml; path = Info.plist; sourceTree = "<group>"; };
		E594DC472452E0680064EA4A /* Model.swift */ = {isa = PBXFileReference; lastKnownFileType = sourcecode.swift; path = Model.swift; sourceTree = "<group>"; };
		E594DC492452E6F60064EA4A /* DBManager.swift */ = {isa = PBXFileReference; lastKnownFileType = sourcecode.swift; path = DBManager.swift; sourceTree = "<group>"; };
		ECBDC34B87AF7F6135132FB5 /* Pods_RealmData.framework */ = {isa = PBXFileReference; explicitFileType = wrapper.framework; includeInIndex = 0; path = Pods_RealmData.framework; sourceTree = BUILT_PRODUCTS_DIR; };
/* End PBXFileReference section */

/* Begin PBXFrameworksBuildPhase section */
		E594DC2D2452DFB50064EA4A /* Frameworks */ = {
			isa = PBXFrameworksBuildPhase;
			buildActionMask = 2147483647;
			files = (
				62706A6A241308E6C75F08EF /* Pods_RealmData.framework in Frameworks */,
			);
			runOnlyForDeploymentPostprocessing = 0;
		};
/* End PBXFrameworksBuildPhase section */

/* Begin PBXGroup section */
		B94655E659589956D2FE0857 /* Frameworks */ = {
			isa = PBXGroup;
			children = (
				ECBDC34B87AF7F6135132FB5 /* Pods_RealmData.framework */,
			);
			name = Frameworks;
			sourceTree = "<group>";
		};
		CEF36D42C629AF951BD01703 /* Pods */ = {
			isa = PBXGroup;
			children = (
				054AA0964A4459B287ADCD3B /* Pods-RealmData.debug.xcconfig */,
				E1345B39522E4201FE4B5D4E /* Pods-RealmData.release.xcconfig */,
			);
			path = Pods;
			sourceTree = "<group>";
		};
		E594DC272452DFB50064EA4A = {
			isa = PBXGroup;
			children = (
				E594DC322452DFB50064EA4A /* RealmData */,
				E594DC312452DFB50064EA4A /* Products */,
				CEF36D42C629AF951BD01703 /* Pods */,
				B94655E659589956D2FE0857 /* Frameworks */,
			);
			sourceTree = "<group>";
		};
		E594DC312452DFB50064EA4A /* Products */ = {
			isa = PBXGroup;
			children = (
				E594DC302452DFB50064EA4A /* RealmData.app */,
			);
			name = Products;
			sourceTree = "<group>";
		};
		E594DC322452DFB50064EA4A /* RealmData */ = {
			isa = PBXGroup;
			children = (
				E594DC332452DFB50064EA4A /* AppDelegate.swift */,
				E594DC352452DFB50064EA4A /* SceneDelegate.swift */,
				E594DC372452DFB50064EA4A /* ViewController.swift */,
				E594DC392452DFB50064EA4A /* Main.storyboard */,
				E594DC3C2452DFB60064EA4A /* Assets.xcassets */,
				E594DC3E2452DFB60064EA4A /* LaunchScreen.storyboard */,
				E594DC412452DFB60064EA4A /* Info.plist */,
				E594DC492452E6F60064EA4A /* DBManager.swift */,
				E594DC472452E0680064EA4A /* Model.swift */,
			);
			path = RealmData;
			sourceTree = "<group>";
		};
/* End PBXGroup section */

/* Begin PBXNativeTarget section */
		E594DC2F2452DFB50064EA4A /* RealmData */ = {
			isa = PBXNativeTarget;
			buildConfigurationList = E594DC442452DFB60064EA4A /* Build configuration list for PBXNativeTarget "RealmData" */;
			buildPhases = (
				65F93BD5A3577B0FA18B8F95 /* [CP] Check Pods Manifest.lock */,
				E594DC2C2452DFB50064EA4A /* Sources */,
				E594DC2D2452DFB50064EA4A /* Frameworks */,
				E594DC2E2452DFB50064EA4A /* Resources */,
				AFCF6275ADCB9ECC71DC70E3 /* [CP] Embed Pods Frameworks */,
			);
			buildRules = (
			);
			dependencies = (
			);
			name = RealmData;
			productName = RealmData;
			productReference = E594DC302452DFB50064EA4A /* RealmData.app */;
			productType = "com.apple.product-type.application";
		};
/* End PBXNativeTarget section */

/* Begin PBXProject section */
		E594DC282452DFB50064EA4A /* Project object */ = {
			isa = PBXProject;
			attributes = {
				LastSwiftUpdateCheck = 1110;
				LastUpgradeCheck = 1110;
				ORGANIZATIONNAME = Huy;
				TargetAttributes = {
					E594DC2F2452DFB50064EA4A = {
						CreatedOnToolsVersion = 11.1;
					};
				};
			};
			buildConfigurationList = E594DC2B2452DFB50064EA4A /* Build configuration list for PBXProject "RealmData" */;
			compatibilityVersion = "Xcode 9.3";
			developmentRegion = en;
			hasScannedForEncodings = 0;
			knownRegions = (
				en,
				Base,
			);
			mainGroup = E594DC272452DFB50064EA4A;
			productRefGroup = E594DC312452DFB50064EA4A /* Products */;
			projectDirPath = "";
			projectRoot = "";
			targets = (
				E594DC2F2452DFB50064EA4A /* RealmData */,
			);
		};
/* End PBXProject section */

/* Begin PBXResourcesBuildPhase section */
		E594DC2E2452DFB50064EA4A /* Resources */ = {
			isa = PBXResourcesBuildPhase;
			buildActionMask = 2147483647;
			files = (
				E594DC402452DFB60064EA4A /* LaunchScreen.storyboard in Resources */,
				E594DC3D2452DFB60064EA4A /* Assets.xcassets in Resources */,
				E594DC3B2452DFB50064EA4A /* Main.storyboard in Resources */,
			);
			runOnlyForDeploymentPostprocessing = 0;
		};
/* End PBXResourcesBuildPhase section */

/* Begin PBXShellScriptBuildPhase section */
		65F93BD5A3577B0FA18B8F95 /* [CP] Check Pods Manifest.lock */ = {
			isa = PBXShellScriptBuildPhase;
			buildActionMask = 2147483647;
			files = (
			);
			inputFileListPaths = (
			);
			inputPaths = (
				"${PODS_PODFILE_DIR_PATH}/Podfile.lock",
				"${PODS_ROOT}/Manifest.lock",
			);
			name = "[CP] Check Pods Manifest.lock";
			outputFileListPaths = (
			);
			outputPaths = (
				"$(DERIVED_FILE_DIR)/Pods-RealmData-checkManifestLockResult.txt",
			);
			runOnlyForDeploymentPostprocessing = 0;
			shellPath = /bin/sh;
			shellScript = "diff \"${PODS_PODFILE_DIR_PATH}/Podfile.lock\" \"${PODS_ROOT}/Manifest.lock\" > /dev/null\nif [ $? != 0 ] ; then\n    # print error to STDERR\n    echo \"error: The sandbox is not in sync with the Podfile.lock. Run 'pod install' or update your CocoaPods installation.\" >&2\n    exit 1\nfi\n# This output is used by Xcode 'outputs' to avoid re-running this script phase.\necho \"SUCCESS\" > \"${SCRIPT_OUTPUT_FILE_0}\"\n";
			showEnvVarsInLog = 0;
		};
		AFCF6275ADCB9ECC71DC70E3 /* [CP] Embed Pods Frameworks */ = {
			isa = PBXShellScriptBuildPhase;
			buildActionMask = 2147483647;
			files = (
			);
			inputFileListPaths = (
				"${PODS_ROOT}/Target Support Files/Pods-RealmData/Pods-RealmData-frameworks-${CONFIGURATION}-input-files.xcfilelist",
			);
			name = "[CP] Embed Pods Frameworks";
			outputFileListPaths = (
				"${PODS_ROOT}/Target Support Files/Pods-RealmData/Pods-RealmData-frameworks-${CONFIGURATION}-output-files.xcfilelist",
			);
			runOnlyForDeploymentPostprocessing = 0;
			shellPath = /bin/sh;
			shellScript = "\"${PODS_ROOT}/Target Support Files/Pods-RealmData/Pods-RealmData-frameworks.sh\"\n";
			showEnvVarsInLog = 0;
		};
/* End PBXShellScriptBuildPhase section */

/* Begin PBXSourcesBuildPhase section */
		E594DC2C2452DFB50064EA4A /* Sources */ = {
			isa = PBXSourcesBuildPhase;
			buildActionMask = 2147483647;
			files = (
				E594DC4A2452E6F60064EA4A /* DBManager.swift in Sources */,
				E594DC382452DFB50064EA4A /* ViewController.swift in Sources */,
				E594DC342452DFB50064EA4A /* AppDelegate.swift in Sources */,
				E594DC362452DFB50064EA4A /* SceneDelegate.swift in Sources */,
				E594DC482452E0680064EA4A /* Model.swift in Sources */,
			);
			runOnlyForDeploymentPostprocessing = 0;
		};
/* End PBXSourcesBuildPhase section */

/* Begin PBXVariantGroup section */
		E594DC392452DFB50064EA4A /* Main.storyboard */ = {
			isa = PBXVariantGroup;
			children = (
				E594DC3A2452DFB50064EA4A /* Base */,
			);
			name = Main.storyboard;
			sourceTree = "<group>";
		};
		E594DC3E2452DFB60064EA4A /* LaunchScreen.storyboard */ = {
			isa = PBXVariantGroup;
			children = (
				E594DC3F2452DFB60064EA4A /* Base */,
			);
			name = LaunchScreen.storyboard;
			sourceTree = "<group>";
		};
/* End PBXVariantGroup section */

/* Begin XCBuildConfiguration section */
		E594DC422452DFB60064EA4A /* Debug */ = {
			isa = XCBuildConfiguration;
			buildSettings = {
				ALWAYS_SEARCH_USER_PATHS = NO;
				CLANG_ANALYZER_NONNULL = YES;
				CLANG_ANALYZER_NUMBER_OBJECT_CONVERSION = YES_AGGRESSIVE;
				CLANG_CXX_LANGUAGE_STANDARD = "gnu++14";
				CLANG_CXX_LIBRARY = "libc++";
				CLANG_ENABLE_MODULES = YES;
				CLANG_ENABLE_OBJC_ARC = YES;
				CLANG_ENABLE_OBJC_WEAK = YES;
				CLANG_WARN_BLOCK_CAPTURE_AUTORELEASING = YES;
				CLANG_WARN_BOOL_CONVERSION = YES;
				CLANG_WARN_COMMA = YES;
				CLANG_WARN_CONSTANT_CONVERSION = YES;
				CLANG_WARN_DEPRECATED_OBJC_IMPLEMENTATIONS = YES;
				CLANG_WARN_DIRECT_OBJC_ISA_USAGE = YES_ERROR;
				CLANG_WARN_DOCUMENTATION_COMMENTS = YES;
				CLANG_WARN_EMPTY_BODY = YES;
				CLANG_WARN_ENUM_CONVERSION = YES;
				CLANG_WARN_INFINITE_RECURSION = YES;
				CLANG_WARN_INT_CONVERSION = YES;
				CLANG_WARN_NON_LITERAL_NULL_CONVERSION = YES;
				CLANG_WARN_OBJC_IMPLICIT_RETAIN_SELF = YES;
				CLANG_WARN_OBJC_LITERAL_CONVERSION = YES;
				CLANG_WARN_OBJC_ROOT_CLASS = YES_ERROR;
				CLANG_WARN_RANGE_LOOP_ANALYSIS = YES;
				CLANG_WARN_STRICT_PROTOTYPES = YES;
				CLANG_WARN_SUSPICIOUS_MOVE = YES;
				CLANG_WARN_UNGUARDED_AVAILABILITY = YES_AGGRESSIVE;
				CLANG_WARN_UNREACHABLE_CODE = YES;
				CLANG_WARN__DUPLICATE_METHOD_MATCH = YES;
				COPY_PHASE_STRIP = NO;
				DEBUG_INFORMATION_FORMAT = dwarf;
				ENABLE_STRICT_OBJC_MSGSEND = YES;
				ENABLE_TESTABILITY = YES;
				GCC_C_LANGUAGE_STANDARD = gnu11;
				GCC_DYNAMIC_NO_PIC = NO;
				GCC_NO_COMMON_BLOCKS = YES;
				GCC_OPTIMIZATION_LEVEL = 0;
				GCC_PREPROCESSOR_DEFINITIONS = (
					"DEBUG=1",
					"$(inherited)",
				);
				GCC_WARN_64_TO_32_BIT_CONVERSION = YES;
				GCC_WARN_ABOUT_RETURN_TYPE = YES_ERROR;
				GCC_WARN_UNDECLARED_SELECTOR = YES;
				GCC_WARN_UNINITIALIZED_AUTOS = YES_AGGRESSIVE;
				GCC_WARN_UNUSED_FUNCTION = YES;
				GCC_WARN_UNUSED_VARIABLE = YES;
				IPHONEOS_DEPLOYMENT_TARGET = 13.1;
				MTL_ENABLE_DEBUG_INFO = INCLUDE_SOURCE;
				MTL_FAST_MATH = YES;
				ONLY_ACTIVE_ARCH = YES;
				SDKROOT = iphoneos;
				SWIFT_ACTIVE_COMPILATION_CONDITIONS = DEBUG;
				SWIFT_OPTIMIZATION_LEVEL = "-Onone";
			};
			name = Debug;
		};
		E594DC432452DFB60064EA4A /* Release */ = {
			isa = XCBuildConfiguration;
			buildSettings = {
				ALWAYS_SEARCH_USER_PATHS = NO;
				CLANG_ANALYZER_NONNULL = YES;
				CLANG_ANALYZER_NUMBER_OBJECT_CONVERSION = YES_AGGRESSIVE;
				CLANG_CXX_LANGUAGE_STANDARD = "gnu++14";
				CLANG_CXX_LIBRARY = "libc++";
				CLANG_ENABLE_MODULES = YES;
				CLANG_ENABLE_OBJC_ARC = YES;
				CLANG_ENABLE_OBJC_WEAK = YES;
				CLANG_WARN_BLOCK_CAPTURE_AUTORELEASING = YES;
				CLANG_WARN_BOOL_CONVERSION = YES;
				CLANG_WARN_COMMA = YES;
				CLANG_WARN_CONSTANT_CONVERSION = YES;
				CLANG_WARN_DEPRECATED_OBJC_IMPLEMENTATIONS = YES;
				CLANG_WARN_DIRECT_OBJC_ISA_USAGE = YES_ERROR;
				CLANG_WARN_DOCUMENTATION_COMMENTS = YES;
				CLANG_WARN_EMPTY_BODY = YES;
				CLANG_WARN_ENUM_CONVERSION = YES;
				CLANG_WARN_INFINITE_RECURSION = YES;
				CLANG_WARN_INT_CONVERSION = YES;
				CLANG_WARN_NON_LITERAL_NULL_CONVERSION = YES;
				CLANG_WARN_OBJC_IMPLICIT_RETAIN_SELF = YES;
				CLANG_WARN_OBJC_LITERAL_CONVERSION = YES;
				CLANG_WARN_OBJC_ROOT_CLASS = YES_ERROR;
				CLANG_WARN_RANGE_LOOP_ANALYSIS = YES;
				CLANG_WARN_STRICT_PROTOTYPES = YES;
				CLANG_WARN_SUSPICIOUS_MOVE = YES;
				CLANG_WARN_UNGUARDED_AVAILABILITY = YES_AGGRESSIVE;
				CLANG_WARN_UNREACHABLE_CODE = YES;
				CLANG_WARN__DUPLICATE_METHOD_MATCH = YES;
				COPY_PHASE_STRIP = NO;
				DEBUG_INFORMATION_FORMAT = "dwarf-with-dsym";
				ENABLE_NS_ASSERTIONS = NO;
				ENABLE_STRICT_OBJC_MSGSEND = YES;
				GCC_C_LANGUAGE_STANDARD = gnu11;
				GCC_NO_COMMON_BLOCKS = YES;
				GCC_WARN_64_TO_32_BIT_CONVERSION = YES;
				GCC_WARN_ABOUT_RETURN_TYPE = YES_ERROR;
				GCC_WARN_UNDECLARED_SELECTOR = YES;
				GCC_WARN_UNINITIALIZED_AUTOS = YES_AGGRESSIVE;
				GCC_WARN_UNUSED_FUNCTION = YES;
				GCC_WARN_UNUSED_VARIABLE = YES;
				IPHONEOS_DEPLOYMENT_TARGET = 13.1;
				MTL_ENABLE_DEBUG_INFO = NO;
				MTL_FAST_MATH = YES;
				SDKROOT = iphoneos;
				SWIFT_COMPILATION_MODE = wholemodule;
				SWIFT_OPTIMIZATION_LEVEL = "-O";
				VALIDATE_PRODUCT = YES;
			};
			name = Release;
		};
		E594DC452452DFB60064EA4A /* Debug */ = {
			isa = XCBuildConfiguration;
			baseConfigurationReference = 054AA0964A4459B287ADCD3B /* Pods-RealmData.debug.xcconfig */;
			buildSettings = {
				ASSETCATALOG_COMPILER_APPICON_NAME = AppIcon;
				CODE_SIGN_STYLE = Automatic;
				INFOPLIST_FILE = RealmData/Info.plist;
				LD_RUNPATH_SEARCH_PATHS = (
					"$(inherited)",
					"@executable_path/Frameworks",
				);
				PRODUCT_BUNDLE_IDENTIFIER = hoc.RealmData;
				PRODUCT_NAME = "$(TARGET_NAME)";
				SWIFT_VERSION = 5.0;
				TARGETED_DEVICE_FAMILY = "1,2";
			};
			name = Debug;
		};
		E594DC462452DFB60064EA4A /* Release */ = {
			isa = XCBuildConfiguration;
			baseConfigurationReference = E1345B39522E4201FE4B5D4E /* Pods-RealmData.release.xcconfig */;
			buildSettings = {
				ASSETCATALOG_COMPILER_APPICON_NAME = AppIcon;
				CODE_SIGN_STYLE = Automatic;
				INFOPLIST_FILE = RealmData/Info.plist;
				LD_RUNPATH_SEARCH_PATHS = (
					"$(inherited)",
					"@executable_path/Frameworks",
				);
				PRODUCT_BUNDLE_IDENTIFIER = hoc.RealmData;
				PRODUCT_NAME = "$(TARGET_NAME)";
				SWIFT_VERSION = 5.0;
				TARGETED_DEVICE_FAMILY = "1,2";
			};
			name = Release;
		};
/* End XCBuildConfiguration section */

/* Begin XCConfigurationList section */
		E594DC2B2452DFB50064EA4A /* Build configuration list for PBXProject "RealmData" */ = {
			isa = XCConfigurationList;
			buildConfigurations = (
				E594DC422452DFB60064EA4A /* Debug */,
				E594DC432452DFB60064EA4A /* Release */,
			);
			defaultConfigurationIsVisible = 0;
			defaultConfigurationName = Release;
		};
		E594DC442452DFB60064EA4A /* Build configuration list for PBXNativeTarget "RealmData" */ = {
			isa = XCConfigurationList;
			buildConfigurations = (
				E594DC452452DFB60064EA4A /* Debug */,
				E594DC462452DFB60064EA4A /* Release */,
			);
			defaultConfigurationIsVisible = 0;
			defaultConfigurationName = Release;
		};
/* End XCConfigurationList section */
	};
	rootObject = E594DC282452DFB50064EA4A /* Project object */;
}
